# generated by rye
# use `rye lock` or `rye sync` to update this lockfile
#
# last locked with the following flags:
#   pre: false
#   features: []
#   all-features: false
#   with-sources: false
#   generate-hashes: false

-e file:.
absl-py==2.1.0
    # via mediapipe
accelerate==0.31.0
    # via sincromisor
aioice==0.9.0
    # via aiortc
aiortc==1.9.0
    # via sincromisor
annotated-types==0.7.0
    # via pydantic
anyio==4.4.0
    # via httpx
    # via starlette
    # via watchfiles
async-timeout==4.0.3
    # via redis
attrs==23.2.0
    # via mediapipe
audioread==3.0.1
    # via librosa
av==12.2.0
    # via aiortc
    # via sincromisor
certifi==2024.6.2
    # via httpcore
    # via httpx
    # via requests
cffi==1.16.0
    # via aiortc
    # via cryptography
    # via pylibsrtp
    # via sounddevice
    # via soundfile
charset-normalizer==3.3.2
    # via requests
click==8.1.7
    # via typer
    # via uvicorn
contourpy==1.2.1
    # via matplotlib
cryptography==42.0.8
    # via aiortc
    # via pyopenssl
cycler==0.12.1
    # via matplotlib
decorator==5.1.1
    # via librosa
deepspeed==0.14.4
    # via sincromisor
dnspython==2.6.1
    # via aioice
    # via email-validator
email-validator==2.2.0
    # via fastapi
exceptiongroup==1.2.1
    # via anyio
fastapi==0.111.0
    # via sincromisor
fastapi-cli==0.0.4
    # via fastapi
filelock==3.15.4
    # via huggingface-hub
    # via torch
    # via transformers
    # via triton
flatbuffers==24.3.25
    # via mediapipe
fonttools==4.53.0
    # via matplotlib
fsspec==2024.6.1
    # via huggingface-hub
    # via torch
google-crc32c @ https://files.pythonhosted.org/packages/a9/d0/04f2846f0af1c683eb3b664c9de9543da1e66a791397456a65073b6054a2/google_crc32c-1.5.0-cp310-cp310-manylinux_2_17_x86_64.manylinux2014_x86_64.whl
    # via aiortc
    # via sincromisor
h11==0.14.0
    # via httpcore
    # via uvicorn
hiredis==2.3.2
    # via redis
hjson==3.1.0
    # via deepspeed
httpcore==1.0.5
    # via httpx
httptools==0.6.1
    # via uvicorn
httpx==0.27.0
    # via fastapi
huggingface-hub==0.23.4
    # via accelerate
    # via sentence-transformers
    # via tokenizers
    # via transformers
idna==3.7
    # via anyio
    # via email-validator
    # via httpx
    # via requests
ifaddr==0.2.0
    # via aioice
jax==0.4.30
    # via mediapipe
jaxlib==0.4.30
    # via jax
    # via mediapipe
jinja2==3.1.4
    # via fastapi
    # via torch
joblib==1.4.2
    # via librosa
    # via scikit-learn
kiwisolver==1.4.5
    # via matplotlib
lazy-loader==0.4
    # via librosa
librosa==0.10.2.post1
    # via nue-asr
llvmlite==0.43.0
    # via numba
markdown-it-py==3.0.0
    # via rich
markupsafe==2.1.5
    # via jinja2
matplotlib==3.9.0
    # via mediapipe
mdurl==0.1.2
    # via markdown-it-py
mediapipe==0.10.14
    # via sincromisor
ml-dtypes==0.4.0
    # via jax
    # via jaxlib
mpmath==1.3.0
    # via sympy
msgpack==1.0.8
    # via librosa
mypy==1.10.1
mypy-extensions==1.0.0
    # via mypy
networkx==3.3
    # via torch
ninja==1.11.1.1
    # via deepspeed
nue-asr @ git+https://github.com/rinnakk/nue-asr.git@e4207a101711e0920520a0902802767266ec8ea3
    # via sincromisor
numba==0.60.0
    # via librosa
numpy==1.26.4
    # via accelerate
    # via contourpy
    # via deepspeed
    # via jax
    # via jaxlib
    # via librosa
    # via matplotlib
    # via mediapipe
    # via ml-dtypes
    # via nue-asr
    # via numba
    # via opencv-contrib-python
    # via opt-einsum
    # via scikit-learn
    # via scipy
    # via sentence-transformers
    # via sincromisor
    # via soxr
    # via transformers
nvidia-cublas-cu12==12.1.3.1
    # via nvidia-cudnn-cu12
    # via nvidia-cusolver-cu12
    # via torch
nvidia-cuda-cupti-cu12==12.1.105
    # via torch
nvidia-cuda-nvrtc-cu12==12.1.105
    # via torch
nvidia-cuda-runtime-cu12==12.1.105
    # via torch
nvidia-cudnn-cu12==8.9.2.26
    # via torch
nvidia-cufft-cu12==11.0.2.54
    # via torch
nvidia-curand-cu12==10.3.2.106
    # via torch
nvidia-cusolver-cu12==11.4.5.107
    # via torch
nvidia-cusparse-cu12==12.1.0.106
    # via nvidia-cusolver-cu12
    # via torch
nvidia-ml-py==12.555.43
    # via deepspeed
nvidia-nccl-cu12==2.20.5
    # via torch
nvidia-nvjitlink-cu12==12.5.40
    # via nvidia-cusolver-cu12
    # via nvidia-cusparse-cu12
nvidia-nvtx-cu12==12.1.105
    # via torch
opencv-contrib-python==4.10.0.84
    # via mediapipe
opt-einsum==3.3.0
    # via jax
orjson==3.10.5
    # via fastapi
packaging==24.1
    # via accelerate
    # via deepspeed
    # via huggingface-hub
    # via lazy-loader
    # via matplotlib
    # via pooch
    # via transformers
pillow==10.3.0
    # via matplotlib
    # via sentence-transformers
platformdirs==4.2.2
    # via pooch
pooch==1.8.2
    # via librosa
protobuf==4.25.3
    # via mediapipe
psutil==6.0.0
    # via accelerate
    # via deepspeed
py-cpuinfo==9.0.0
    # via deepspeed
pycparser==2.22
    # via cffi
pydantic==2.7.4
    # via deepspeed
    # via fastapi
pydantic-core==2.18.4
    # via pydantic
pyee==11.1.0
    # via aiortc
pygments==2.18.0
    # via rich
pylibsrtp==0.10.0
    # via aiortc
pyopenssl==24.1.0
    # via aiortc
pyparsing==3.1.2
    # via matplotlib
python-dateutil==2.9.0.post0
    # via matplotlib
python-dotenv==1.0.1
    # via uvicorn
python-multipart==0.0.9
    # via fastapi
pyyaml==6.0.1
    # via accelerate
    # via huggingface-hub
    # via transformers
    # via uvicorn
redis==5.0.7
    # via sincromisor
regex==2024.5.15
    # via transformers
requests==2.32.3
    # via huggingface-hub
    # via pooch
    # via transformers
rich==13.7.1
    # via typer
safetensors==0.4.3
    # via accelerate
    # via transformers
scikit-learn==1.5.0
    # via librosa
    # via sentence-transformers
scipy==1.14.0
    # via jax
    # via jaxlib
    # via librosa
    # via scikit-learn
    # via sentence-transformers
sentence-transformers==3.0.1
    # via nue-asr
sentencepiece==0.2.0
    # via sincromisor
setproctitle==1.3.3
    # via sincromisor
setuptools==70.1.1
    # via sincromisor
shellingham==1.5.4
    # via typer
six==1.16.0
    # via python-dateutil
sniffio==1.3.1
    # via anyio
    # via httpx
sounddevice==0.4.7
    # via mediapipe
soundfile==0.12.1
    # via librosa
soxr==0.3.7
    # via librosa
starlette==0.37.2
    # via fastapi
sudachidict-full==20240409
    # via sincromisor
sudachipy==0.6.8
    # via sincromisor
    # via sudachidict-full
sympy==1.12.1
    # via torch
threadpoolctl==3.5.0
    # via scikit-learn
tokenizers==0.15.2
    # via transformers
tomli==2.0.1
    # via mypy
torch==2.3.1
    # via accelerate
    # via deepspeed
    # via nue-asr
    # via sentence-transformers
    # via sincromisor
tqdm==4.66.4
    # via deepspeed
    # via huggingface-hub
    # via sentence-transformers
    # via transformers
transformers==4.37.2
    # via nue-asr
    # via sentence-transformers
    # via sincromisor
triton==2.3.1
    # via torch
typer==0.12.3
    # via fastapi-cli
types-psutil==6.0.0.20240621
types-pyyaml==6.0.12.20240311
types-requests==2.32.0.20240622
typing-extensions==4.12.2
    # via anyio
    # via fastapi
    # via huggingface-hub
    # via librosa
    # via mypy
    # via pydantic
    # via pydantic-core
    # via pyee
    # via torch
    # via typer
    # via uvicorn
ujson==5.10.0
    # via fastapi
urllib3==2.2.2
    # via requests
    # via types-requests
uvicorn==0.30.1
    # via fastapi
    # via sincromisor
uvloop==0.19.0
    # via uvicorn
watchfiles==0.22.0
    # via uvicorn
websockets==12.0
    # via sincromisor
    # via uvicorn
